Microsoft Visual Studio Solution File, Format Version 12.00
# Visual Studio 15
VisualStudioVersion = 15.0.26730.12
MinimumVisualStudioVersion = 15.0.26124.0
Project("{2150E333-8FDC-42A3-9474-1A3956D46DE8}") = ".paket", ".paket", "{85B93077-760D-41F6-9C68-202687010C50}"
	ProjectSection(SolutionItems) = preProject
		paket.dependencies = paket.dependencies
	EndProjectSection
EndProject
Project("{9A19103F-16F7-4668-BE54-9A1E7A4F7556}") = "Disunity.Core", "Disunity.Core\Disunity.Core.csproj", "{E8049062-E350-4025-BED1-8995019C9A25}"
EndProject
Project("{9A19103F-16F7-4668-BE54-9A1E7A4F7556}") = "Disunity.Editor", "Disunity.Editor\Disunity.Editor.csproj", "{1E7C724F-EF89-4CEC-9063-E95DFFE5346F}"
EndProject
Project("{9A19103F-16F7-4668-BE54-9A1E7A4F7556}") = "Disunity.Preloader", "Disunity.Preloader\Disunity.Preloader.csproj", "{29F5F25E-5DB9-4566-9B4F-C0FCA10CA757}"
EndProject
Project("{9A19103F-16F7-4668-BE54-9A1E7A4F7556}") = "Disunity.Runtime", "Disunity.Runtime\Disunity.Runtime.csproj", "{242E2EAD-7954-4416-A503-54F6C8F6FF54}"
EndProject
Project("{FAE04EC0-301F-11D3-BF4B-00C04F79EFBC}") = "Disunity.Tests", "Disunity.Tests\Disunity.Tests.csproj", "{8B1EFDB1-8F0F-41CF-BC06-A421C76DE842}"
EndProject
Project("{FAE04EC0-301F-11D3-BF4B-00C04F79EFBC}") = "Disunity.Store", "Disunity.Store\Disunity.Store.csproj", "{7E596F7E-DAC3-4ACC-89F9-E270E42A94CC}"
EndProject
Project("{FAE04EC0-301F-11D3-BF4B-00C04F79EFBC}") = "Disunity.Management", "Disunity.Management\Disunity.Management.csproj", "{96533FB3-18C4-49C9-B14C-C6EBDEF6B329}"
EndProject
Project("{FAE04EC0-301F-11D3-BF4B-00C04F79EFBC}") = "Disunity.Management.Cli", "Disunity.Management.Cli\Disunity.Management.Cli.csproj", "{25C26E51-67BF-4AF0-ABCD-EBC6C9191BAE}"
EndProject
Project("{FAE04EC0-301F-11D3-BF4B-00C04F79EFBC}") = "Disunity.Client", "Disunity.Client\Disunity.Client.csproj", "{13C95810-1E99-4E89-A198-17483B58CD69}"
EndProject
Project("{FAE04EC0-301F-11D3-BF4B-00C04F79EFBC}") = "Disunity.Management.Ui", "Disunity.Management.Ui\Disunity.Management.Ui.csproj", "{466EBC8C-C817-4B5E-AD4F-18589301A191}"
EndProject
Project("{FAE04EC0-301F-11D3-BF4B-00C04F79EFBC}") = "Disunity.Management.Startup", "Disunity.Management.Startup\Disunity.Management.Startup.csproj", "{7F046E68-6F73-4899-B731-D325161E442F}"
EndProject
Global
	GlobalSection(SolutionConfigurationPlatforms) = preSolution
		Debug|Any CPU = Debug|Any CPU
		Debug|x64 = Debug|x64
		Debug|x86 = Debug|x86
		Release|Any CPU = Release|Any CPU
		Release|x64 = Release|x64
		Release|x86 = Release|x86
	EndGlobalSection
	GlobalSection(ProjectConfigurationPlatforms) = postSolution
		{E8049062-E350-4025-BED1-8995019C9A25}.Debug|Any CPU.ActiveCfg = Debug|Any CPU
		{E8049062-E350-4025-BED1-8995019C9A25}.Debug|Any CPU.Build.0 = Debug|Any CPU
		{E8049062-E350-4025-BED1-8995019C9A25}.Debug|x64.ActiveCfg = Debug|Any CPU
		{E8049062-E350-4025-BED1-8995019C9A25}.Debug|x64.Build.0 = Debug|Any CPU
		{E8049062-E350-4025-BED1-8995019C9A25}.Debug|x86.ActiveCfg = Debug|Any CPU
		{E8049062-E350-4025-BED1-8995019C9A25}.Debug|x86.Build.0 = Debug|Any CPU
		{E8049062-E350-4025-BED1-8995019C9A25}.Release|Any CPU.ActiveCfg = Release|Any CPU
		{E8049062-E350-4025-BED1-8995019C9A25}.Release|Any CPU.Build.0 = Release|Any CPU
		{E8049062-E350-4025-BED1-8995019C9A25}.Release|x64.ActiveCfg = Release|Any CPU
		{E8049062-E350-4025-BED1-8995019C9A25}.Release|x64.Build.0 = Release|Any CPU
		{E8049062-E350-4025-BED1-8995019C9A25}.Release|x86.ActiveCfg = Release|Any CPU
		{E8049062-E350-4025-BED1-8995019C9A25}.Release|x86.Build.0 = Release|Any CPU
		{1E7C724F-EF89-4CEC-9063-E95DFFE5346F}.Debug|Any CPU.ActiveCfg = Debug|Any CPU
		{1E7C724F-EF89-4CEC-9063-E95DFFE5346F}.Debug|Any CPU.Build.0 = Debug|Any CPU
		{1E7C724F-EF89-4CEC-9063-E95DFFE5346F}.Debug|x64.ActiveCfg = Debug|Any CPU
		{1E7C724F-EF89-4CEC-9063-E95DFFE5346F}.Debug|x64.Build.0 = Debug|Any CPU
		{1E7C724F-EF89-4CEC-9063-E95DFFE5346F}.Debug|x86.ActiveCfg = Debug|Any CPU
		{1E7C724F-EF89-4CEC-9063-E95DFFE5346F}.Debug|x86.Build.0 = Debug|Any CPU
		{1E7C724F-EF89-4CEC-9063-E95DFFE5346F}.Release|Any CPU.ActiveCfg = Release|Any CPU
		{1E7C724F-EF89-4CEC-9063-E95DFFE5346F}.Release|Any CPU.Build.0 = Release|Any CPU
		{1E7C724F-EF89-4CEC-9063-E95DFFE5346F}.Release|x64.ActiveCfg = Release|Any CPU
		{1E7C724F-EF89-4CEC-9063-E95DFFE5346F}.Release|x64.Build.0 = Release|Any CPU
		{1E7C724F-EF89-4CEC-9063-E95DFFE5346F}.Release|x86.ActiveCfg = Release|Any CPU
		{1E7C724F-EF89-4CEC-9063-E95DFFE5346F}.Release|x86.Build.0 = Release|Any CPU
		{29F5F25E-5DB9-4566-9B4F-C0FCA10CA757}.Debug|Any CPU.ActiveCfg = Debug|Any CPU
		{29F5F25E-5DB9-4566-9B4F-C0FCA10CA757}.Debug|Any CPU.Build.0 = Debug|Any CPU
		{29F5F25E-5DB9-4566-9B4F-C0FCA10CA757}.Debug|x64.ActiveCfg = Debug|Any CPU
		{29F5F25E-5DB9-4566-9B4F-C0FCA10CA757}.Debug|x64.Build.0 = Debug|Any CPU
		{29F5F25E-5DB9-4566-9B4F-C0FCA10CA757}.Debug|x86.ActiveCfg = Debug|Any CPU
		{29F5F25E-5DB9-4566-9B4F-C0FCA10CA757}.Debug|x86.Build.0 = Debug|Any CPU
		{29F5F25E-5DB9-4566-9B4F-C0FCA10CA757}.Release|Any CPU.ActiveCfg = Release|Any CPU
		{29F5F25E-5DB9-4566-9B4F-C0FCA10CA757}.Release|Any CPU.Build.0 = Release|Any CPU
		{29F5F25E-5DB9-4566-9B4F-C0FCA10CA757}.Release|x64.ActiveCfg = Release|Any CPU
		{29F5F25E-5DB9-4566-9B4F-C0FCA10CA757}.Release|x64.Build.0 = Release|Any CPU
		{29F5F25E-5DB9-4566-9B4F-C0FCA10CA757}.Release|x86.ActiveCfg = Release|Any CPU
		{29F5F25E-5DB9-4566-9B4F-C0FCA10CA757}.Release|x86.Build.0 = Release|Any CPU
		{242E2EAD-7954-4416-A503-54F6C8F6FF54}.Debug|Any CPU.ActiveCfg = Debug|Any CPU
		{242E2EAD-7954-4416-A503-54F6C8F6FF54}.Debug|Any CPU.Build.0 = Debug|Any CPU
		{242E2EAD-7954-4416-A503-54F6C8F6FF54}.Debug|x64.ActiveCfg = Debug|Any CPU
		{242E2EAD-7954-4416-A503-54F6C8F6FF54}.Debug|x64.Build.0 = Debug|Any CPU
		{242E2EAD-7954-4416-A503-54F6C8F6FF54}.Debug|x86.ActiveCfg = Debug|Any CPU
		{242E2EAD-7954-4416-A503-54F6C8F6FF54}.Debug|x86.Build.0 = Debug|Any CPU
		{242E2EAD-7954-4416-A503-54F6C8F6FF54}.Release|Any CPU.ActiveCfg = Release|Any CPU
		{242E2EAD-7954-4416-A503-54F6C8F6FF54}.Release|Any CPU.Build.0 = Release|Any CPU
		{242E2EAD-7954-4416-A503-54F6C8F6FF54}.Release|x64.ActiveCfg = Release|Any CPU
		{242E2EAD-7954-4416-A503-54F6C8F6FF54}.Release|x64.Build.0 = Release|Any CPU
		{242E2EAD-7954-4416-A503-54F6C8F6FF54}.Release|x86.ActiveCfg = Release|Any CPU
		{242E2EAD-7954-4416-A503-54F6C8F6FF54}.Release|x86.Build.0 = Release|Any CPU
		{8B1EFDB1-8F0F-41CF-BC06-A421C76DE842}.Debug|Any CPU.ActiveCfg = Debug|Any CPU
		{8B1EFDB1-8F0F-41CF-BC06-A421C76DE842}.Debug|Any CPU.Build.0 = Debug|Any CPU
		{8B1EFDB1-8F0F-41CF-BC06-A421C76DE842}.Debug|x64.ActiveCfg = Debug|Any CPU
		{8B1EFDB1-8F0F-41CF-BC06-A421C76DE842}.Debug|x64.Build.0 = Debug|Any CPU
		{8B1EFDB1-8F0F-41CF-BC06-A421C76DE842}.Debug|x86.ActiveCfg = Debug|Any CPU
		{8B1EFDB1-8F0F-41CF-BC06-A421C76DE842}.Debug|x86.Build.0 = Debug|Any CPU
		{8B1EFDB1-8F0F-41CF-BC06-A421C76DE842}.Release|Any CPU.ActiveCfg = Release|Any CPU
		{8B1EFDB1-8F0F-41CF-BC06-A421C76DE842}.Release|Any CPU.Build.0 = Release|Any CPU
		{8B1EFDB1-8F0F-41CF-BC06-A421C76DE842}.Release|x64.ActiveCfg = Release|Any CPU
		{8B1EFDB1-8F0F-41CF-BC06-A421C76DE842}.Release|x64.Build.0 = Release|Any CPU
		{8B1EFDB1-8F0F-41CF-BC06-A421C76DE842}.Release|x86.ActiveCfg = Release|Any CPU
		{8B1EFDB1-8F0F-41CF-BC06-A421C76DE842}.Release|x86.Build.0 = Release|Any CPU
		{7E596F7E-DAC3-4ACC-89F9-E270E42A94CC}.Debug|Any CPU.ActiveCfg = Debug|Any CPU
		{7E596F7E-DAC3-4ACC-89F9-E270E42A94CC}.Debug|Any CPU.Build.0 = Debug|Any CPU
		{7E596F7E-DAC3-4ACC-89F9-E270E42A94CC}.Debug|x64.ActiveCfg = Debug|Any CPU
		{7E596F7E-DAC3-4ACC-89F9-E270E42A94CC}.Debug|x64.Build.0 = Debug|Any CPU
		{7E596F7E-DAC3-4ACC-89F9-E270E42A94CC}.Debug|x86.ActiveCfg = Debug|Any CPU
		{7E596F7E-DAC3-4ACC-89F9-E270E42A94CC}.Debug|x86.Build.0 = Debug|Any CPU
		{7E596F7E-DAC3-4ACC-89F9-E270E42A94CC}.Release|Any CPU.ActiveCfg = Release|Any CPU
		{7E596F7E-DAC3-4ACC-89F9-E270E42A94CC}.Release|Any CPU.Build.0 = Release|Any CPU
		{7E596F7E-DAC3-4ACC-89F9-E270E42A94CC}.Release|x64.ActiveCfg = Release|Any CPU
		{7E596F7E-DAC3-4ACC-89F9-E270E42A94CC}.Release|x64.Build.0 = Release|Any CPU
		{7E596F7E-DAC3-4ACC-89F9-E270E42A94CC}.Release|x86.ActiveCfg = Release|Any CPU
		{7E596F7E-DAC3-4ACC-89F9-E270E42A94CC}.Release|x86.Build.0 = Release|Any CPU
		{96533FB3-18C4-49C9-B14C-C6EBDEF6B329}.Debug|Any CPU.ActiveCfg = Debug|Any CPU
		{96533FB3-18C4-49C9-B14C-C6EBDEF6B329}.Debug|Any CPU.Build.0 = Debug|Any CPU
		{96533FB3-18C4-49C9-B14C-C6EBDEF6B329}.Debug|x64.ActiveCfg = Debug|Any CPU
		{96533FB3-18C4-49C9-B14C-C6EBDEF6B329}.Debug|x64.Build.0 = Debug|Any CPU
		{96533FB3-18C4-49C9-B14C-C6EBDEF6B329}.Debug|x86.ActiveCfg = Debug|Any CPU
		{96533FB3-18C4-49C9-B14C-C6EBDEF6B329}.Debug|x86.Build.0 = Debug|Any CPU
		{96533FB3-18C4-49C9-B14C-C6EBDEF6B329}.Release|Any CPU.ActiveCfg = Release|Any CPU
		{96533FB3-18C4-49C9-B14C-C6EBDEF6B329}.Release|Any CPU.Build.0 = Release|Any CPU
		{96533FB3-18C4-49C9-B14C-C6EBDEF6B329}.Release|x64.ActiveCfg = Release|Any CPU
		{96533FB3-18C4-49C9-B14C-C6EBDEF6B329}.Release|x64.Build.0 = Release|Any CPU
		{96533FB3-18C4-49C9-B14C-C6EBDEF6B329}.Release|x86.ActiveCfg = Release|Any CPU
		{96533FB3-18C4-49C9-B14C-C6EBDEF6B329}.Release|x86.Build.0 = Release|Any CPU
		{25C26E51-67BF-4AF0-ABCD-EBC6C9191BAE}.Debug|Any CPU.ActiveCfg = Debug|Any CPU
		{25C26E51-67BF-4AF0-ABCD-EBC6C9191BAE}.Debug|Any CPU.Build.0 = Debug|Any CPU
		{25C26E51-67BF-4AF0-ABCD-EBC6C9191BAE}.Debug|x64.ActiveCfg = Debug|Any CPU
		{25C26E51-67BF-4AF0-ABCD-EBC6C9191BAE}.Debug|x64.Build.0 = Debug|Any CPU
		{25C26E51-67BF-4AF0-ABCD-EBC6C9191BAE}.Debug|x86.ActiveCfg = Debug|Any CPU
		{25C26E51-67BF-4AF0-ABCD-EBC6C9191BAE}.Debug|x86.Build.0 = Debug|Any CPU
		{25C26E51-67BF-4AF0-ABCD-EBC6C9191BAE}.Release|Any CPU.ActiveCfg = Release|Any CPU
		{25C26E51-67BF-4AF0-ABCD-EBC6C9191BAE}.Release|Any CPU.Build.0 = Release|Any CPU
		{25C26E51-67BF-4AF0-ABCD-EBC6C9191BAE}.Release|x64.ActiveCfg = Release|Any CPU
		{25C26E51-67BF-4AF0-ABCD-EBC6C9191BAE}.Release|x64.Build.0 = Release|Any CPU
		{25C26E51-67BF-4AF0-ABCD-EBC6C9191BAE}.Release|x86.ActiveCfg = Release|Any CPU
		{25C26E51-67BF-4AF0-ABCD-EBC6C9191BAE}.Release|x86.Build.0 = Release|Any CPU
		{13C95810-1E99-4E89-A198-17483B58CD69}.Debug|Any CPU.ActiveCfg = Debug|Any CPU
		{13C95810-1E99-4E89-A198-17483B58CD69}.Debug|Any CPU.Build.0 = Debug|Any CPU
		{13C95810-1E99-4E89-A198-17483B58CD69}.Debug|x64.ActiveCfg = Debug|Any CPU
		{13C95810-1E99-4E89-A198-17483B58CD69}.Debug|x64.Build.0 = Debug|Any CPU
		{13C95810-1E99-4E89-A198-17483B58CD69}.Debug|x86.ActiveCfg = Debug|Any CPU
		{13C95810-1E99-4E89-A198-17483B58CD69}.Debug|x86.Build.0 = Debug|Any CPU
		{13C95810-1E99-4E89-A198-17483B58CD69}.Release|Any CPU.ActiveCfg = Release|Any CPU
		{13C95810-1E99-4E89-A198-17483B58CD69}.Release|Any CPU.Build.0 = Release|Any CPU
		{13C95810-1E99-4E89-A198-17483B58CD69}.Release|x64.ActiveCfg = Release|Any CPU
		{13C95810-1E99-4E89-A198-17483B58CD69}.Release|x64.Build.0 = Release|Any CPU
		{13C95810-1E99-4E89-A198-17483B58CD69}.Release|x86.ActiveCfg = Release|Any CPU
		{13C95810-1E99-4E89-A198-17483B58CD69}.Release|x86.Build.0 = Release|Any CPU
		{466EBC8C-C817-4B5E-AD4F-18589301A191}.Debug|Any CPU.ActiveCfg = Debug|Any CPU
		{466EBC8C-C817-4B5E-AD4F-18589301A191}.Debug|Any CPU.Build.0 = Debug|Any CPU
		{466EBC8C-C817-4B5E-AD4F-18589301A191}.Debug|x64.ActiveCfg = Debug|Any CPU
		{466EBC8C-C817-4B5E-AD4F-18589301A191}.Debug|x64.Build.0 = Debug|Any CPU
		{466EBC8C-C817-4B5E-AD4F-18589301A191}.Debug|x86.ActiveCfg = Debug|Any CPU
		{466EBC8C-C817-4B5E-AD4F-18589301A191}.Debug|x86.Build.0 = Debug|Any CPU
		{466EBC8C-C817-4B5E-AD4F-18589301A191}.Release|Any CPU.ActiveCfg = Release|Any CPU
		{466EBC8C-C817-4B5E-AD4F-18589301A191}.Release|Any CPU.Build.0 = Release|Any CPU
		{466EBC8C-C817-4B5E-AD4F-18589301A191}.Release|x64.ActiveCfg = Release|Any CPU
		{466EBC8C-C817-4B5E-AD4F-18589301A191}.Release|x64.Build.0 = Release|Any CPU
		{466EBC8C-C817-4B5E-AD4F-18589301A191}.Release|x86.ActiveCfg = Release|Any CPU
		{466EBC8C-C817-4B5E-AD4F-18589301A191}.Release|x86.Build.0 = Release|Any CPU
		{7F046E68-6F73-4899-B731-D325161E442F}.Debug|Any CPU.ActiveCfg = Debug|Any CPU
		{7F046E68-6F73-4899-B731-D325161E442F}.Debug|Any CPU.Build.0 = Debug|Any CPU
		{7F046E68-6F73-4899-B731-D325161E442F}.Debug|x64.ActiveCfg = Debug|Any CPU
		{7F046E68-6F73-4899-B731-D325161E442F}.Debug|x64.Build.0 = Debug|Any CPU
		{7F046E68-6F73-4899-B731-D325161E442F}.Debug|x86.ActiveCfg = Debug|Any CPU
		{7F046E68-6F73-4899-B731-D325161E442F}.Debug|x86.Build.0 = Debug|Any CPU
		{7F046E68-6F73-4899-B731-D325161E442F}.Release|Any CPU.ActiveCfg = Release|Any CPU
		{7F046E68-6F73-4899-B731-D325161E442F}.Release|Any CPU.Build.0 = Release|Any CPU
		{7F046E68-6F73-4899-B731-D325161E442F}.Release|x64.ActiveCfg = Release|Any CPU
		{7F046E68-6F73-4899-B731-D325161E442F}.Release|x64.Build.0 = Release|Any CPU
		{7F046E68-6F73-4899-B731-D325161E442F}.Release|x86.ActiveCfg = Release|Any CPU
		{7F046E68-6F73-4899-B731-D325161E442F}.Release|x86.Build.0 = Release|Any CPU
	EndGlobalSection
	GlobalSection(SolutionProperties) = preSolution
		HideSolutionNode = FALSE
	EndGlobalSection
	GlobalSection(ExtensibilityGlobals) = postSolution
		SolutionGuid = {5A84ED6B-54D5-4D68-AF1E-8A69C06D9DC3}
	EndGlobalSection
EndGlobal
